
Microsoft Visual Studio Solution File, Format Version 12.00
# Visual Studio Version 16
VisualStudioVersion = 16.0.31005.135
MinimumVisualStudioVersion = 10.0.40219.1
Project("{2150E333-8FDC-42A3-9474-1A3956D46DE8}") = "Services", "Services", "{2D40142A-EAD4-4520-8BB0-83910447AC6C}"
EndProject
Project("{2150E333-8FDC-42A3-9474-1A3956D46DE8}") = "Catalog", "Catalog", "{BE6AC419-E08D-40A6-B923-FB798278AEF0}"
EndProject
Project("{FAE04EC0-301F-11D3-BF4B-00C04F79EFBC}") = "Catalog.API", "Services\Catalog\Catalog.API\Catalog.API.csproj", "{B9428B69-4C64-446C-92C5-4AA69351C2EB}"
EndProject
Project("{E53339B2-1760-4266-BCC7-CA923CBCF16C}") = "docker-compose", "docker-compose.dcproj", "{D8CA7139-88D0-4902-B894-01B4F186C9C0}"
EndProject
Global
	GlobalSection(SolutionConfigurationPlatforms) = preSolution
		Debug|Any CPU = Debug|Any CPU
		Release|Any CPU = Release|Any CPU
	EndGlobalSection
	GlobalSection(ProjectConfigurationPlatforms) = postSolution
		{B9428B69-4C64-446C-92C5-4AA69351C2EB}.Debug|Any CPU.ActiveCfg = Debug|Any CPU
		{B9428B69-4C64-446C-92C5-4AA69351C2EB}.Debug|Any CPU.Build.0 = Debug|Any CPU
		{B9428B69-4C64-446C-92C5-4AA69351C2EB}.Release|Any CPU.ActiveCfg = Release|Any CPU
		{B9428B69-4C64-446C-92C5-4AA69351C2EB}.Release|Any CPU.Build.0 = Release|Any CPU
		{D8CA7139-88D0-4902-B894-01B4F186C9C0}.Debug|Any CPU.ActiveCfg = Debug|Any CPU
		{D8CA7139-88D0-4902-B894-01B4F186C9C0}.Debug|Any CPU.Build.0 = Debug|Any CPU
		{D8CA7139-88D0-4902-B894-01B4F186C9C0}.Release|Any CPU.ActiveCfg = Release|Any CPU
		{D8CA7139-88D0-4902-B894-01B4F186C9C0}.Release|Any CPU.Build.0 = Release|Any CPU
	EndGlobalSection
	GlobalSection(SolutionProperties) = preSolution
		HideSolutionNode = FALSE
	EndGlobalSection
	GlobalSection(NestedProjects) = preSolution
		{BE6AC419-E08D-40A6-B923-FB798278AEF0} = {2D40142A-EAD4-4520-8BB0-83910447AC6C}
		{B9428B69-4C64-446C-92C5-4AA69351C2EB} = {BE6AC419-E08D-40A6-B923-FB798278AEF0}
	EndGlobalSection
	GlobalSection(ExtensibilityGlobals) = postSolution
		SolutionGuid = {61D9BC3E-2D15-44C1-A8F7-35FB51ED383F}
	EndGlobalSection
EndGlobal
